{
  "version": 4,
  "terraform_version": "1.9.8",
  "serial": 1,
  "lineage": "6b89d634-1b7d-7605-5b08-6fdca4f84ff1",
  "outputs": {},
  "resources": [
    {
      "mode": "managed",
      "type": "proxmox_vm_qemu",
      "name": "postgres",
      "provider": "provider[\"registry.terraform.io/telmate/proxmox\"]",
      "instances": [
        {
          "schema_version": 0,
          "attributes": {
            "additional_wait": null,
            "agent": 1,
            "agent_timeout": null,
            "args": "",
            "automatic_reboot": null,
            "balloon": null,
            "bios": "seabios",
            "boot": "c",
            "bootdisk": "scsi0",
            "ci_wait": null,
            "cicustom": null,
            "cipassword": "",
            "ciupgrade": null,
            "ciuser": "",
            "clone": null,
            "clone_wait": null,
            "cores": 1,
            "cpu": "host",
            "default_ipv4_address": null,
            "default_ipv6_address": null,
            "define_connection_info": false,
            "desc": "",
            "disk": [],
            "disks": [
              {
                "ide": [
                  {
                    "ide0": [],
                    "ide1": [],
                    "ide2": [
                      {
                        "cdrom": [],
                        "cloudinit": [
                          {
                            "storage": "vms"
                          }
                        ],
                        "disk": [],
                        "passthrough": []
                      }
                    ],
                    "ide3": []
                  }
                ],
                "sata": [],
                "scsi": [
                  {
                    "scsi0": [
                      {
                        "cdrom": [],
                        "cloudinit": [],
                        "disk": [
                          {
                            "asyncio": "",
                            "backup": true,
                            "cache": "",
                            "discard": false,
                            "emulatessd": false,
                            "format": "qcow2",
                            "id": 0,
                            "iops_r_burst": 0,
                            "iops_r_burst_length": 0,
                            "iops_r_concurrent": 0,
                            "iops_wr_burst": 0,
                            "iops_wr_burst_length": 0,
                            "iops_wr_concurrent": 0,
                            "iothread": false,
                            "linked_disk_id": -1,
                            "mbps_r_burst": 0,
                            "mbps_r_concurrent": 0,
                            "mbps_wr_burst": 0,
                            "mbps_wr_concurrent": 0,
                            "readonly": false,
                            "replicate": true,
                            "serial": "",
                            "size": "10G",
                            "storage": "vms",
                            "wwn": ""
                          }
                        ],
                        "passthrough": []
                      }
                    ],
                    "scsi1": [],
                    "scsi10": [],
                    "scsi11": [],
                    "scsi12": [],
                    "scsi13": [],
                    "scsi14": [],
                    "scsi15": [],
                    "scsi16": [],
                    "scsi17": [],
                    "scsi18": [],
                    "scsi19": [],
                    "scsi2": [],
                    "scsi20": [],
                    "scsi21": [],
                    "scsi22": [],
                    "scsi23": [],
                    "scsi24": [],
                    "scsi25": [],
                    "scsi26": [],
                    "scsi27": [],
                    "scsi28": [],
                    "scsi29": [],
                    "scsi3": [],
                    "scsi30": [],
                    "scsi4": [],
                    "scsi5": [],
                    "scsi6": [],
                    "scsi7": [],
                    "scsi8": [],
                    "scsi9": []
                  }
                ],
                "virtio": []
              }
            ],
            "efidisk": [],
            "force_create": false,
            "force_recreate_on_change_of": null,
            "full_clone": false,
            "hagroup": "",
            "hastate": "",
            "hostpci": [],
            "hotplug": "network,disk,usb",
            "id": "host1/qemu/202",
            "ipconfig0": "ip=192.168.1.202/24,gw=192.168.1.1",
            "ipconfig1": null,
            "ipconfig10": null,
            "ipconfig11": null,
            "ipconfig12": null,
            "ipconfig13": null,
            "ipconfig14": null,
            "ipconfig15": null,
            "ipconfig2": null,
            "ipconfig3": null,
            "ipconfig4": null,
            "ipconfig5": null,
            "ipconfig6": null,
            "ipconfig7": null,
            "ipconfig8": null,
            "ipconfig9": null,
            "kvm": true,
            "linked_vmid": 0,
            "machine": "",
            "memory": 4096,
            "name": "postgres-1",
            "nameserver": null,
            "network": [
              {
                "bridge": "vmbr0",
                "firewall": false,
                "link_down": false,
                "macaddr": "E2:A2:2F:AB:BE:22",
                "model": "virtio",
                "mtu": 0,
                "queues": 0,
                "rate": 0,
                "tag": -1
              }
            ],
            "numa": false,
            "onboot": true,
            "os_network_config": null,
            "os_type": null,
            "pool": "",
            "protection": false,
            "pxe": null,
            "qemu_os": "other",
            "reboot_required": false,
            "scsihw": "virtio-scsi-pci",
            "searchdomain": null,
            "serial": [
              {
                "id": 0,
                "type": "socket"
              }
            ],
            "skip_ipv4": null,
            "skip_ipv6": null,
            "smbios": [
              {
                "family": "",
                "manufacturer": "",
                "product": "",
                "serial": "",
                "sku": "",
                "uuid": "36c55c8a-4792-41bf-b2fc-3ebab6972327",
                "version": ""
              }
            ],
            "sockets": 1,
            "ssh_forward_ip": null,
            "ssh_host": null,
            "ssh_port": null,
            "ssh_private_key": null,
            "ssh_user": null,
            "sshkeys": " ssh-ed25519 AAAAC3NzaC1lZDI1NTE5AAAAIOLiEeOqR0KLdVZ64p94nk2fSno1jyminStrv2OPVcd2 code@paultibbetts.uk\nssh-ed25519 AAAAC3NzaC1lZDI1NTE5AAAAIPfx70ArvHPF+9U3GgKgNEAWkXSyZMun83sn9582Pl4e code@paultibbetts.uk\n",
            "startup": "",
            "tablet": true,
            "tags": "database;postgres",
            "target_node": null,
            "target_nodes": null,
            "timeouts": null,
            "unused_disk": [],
            "usb": [],
            "vcpus": null,
            "vga": [],
            "vm_state": "running",
            "vmid": null
          },
          "sensitive_attributes": [
            [
              {
                "type": "get_attr",
                "value": "cipassword"
              }
            ],
            [
              {
                "type": "get_attr",
                "value": "ssh_private_key"
              }
            ]
          ],
          "private": "eyJlMmJmYjczMC1lY2FhLTExZTYtOGY4OC0zNDM2M2JjN2M0YzAiOnsiY3JlYXRlIjoxMjAwMDAwMDAwMDAwLCJkZWZhdWx0IjoxMjAwMDAwMDAwMDAwLCJkZWxldGUiOjEyMDAwMDAwMDAwMDAsInJlYWQiOjEyMDAwMDAwMDAwMDAsInVwZGF0ZSI6MTIwMDAwMDAwMDAwMH0sInNjaGVtYV92ZXJzaW9uIjoiMCJ9"
        }
      ]
    }
  ],
  "check_results": null
}
